// !$*UTF8*$!
{
	archiveVersion = 1;
	classes = {
	};
	objectVersion = 48;
	objects = {

/* Begin PBXBuildFile section */
		04492D661FEFD68800F7F304 /* UserItemModel.swift in Sources */ = {isa = PBXBuildFile; fileRef = 04492D651FEFD68800F7F304 /* UserItemModel.swift */; };
		69A04AA31FF1D85600F889CD /* ToolBarView.swift in Sources */ = {isa = PBXBuildFile; fileRef = 69A04AA21FF1D85600F889CD /* ToolBarView.swift */; };
		69A04AA71FF1E25500F889CD /* MainViewController.swift in Sources */ = {isa = PBXBuildFile; fileRef = 69A04AA61FF1E25500F889CD /* MainViewController.swift */; };
		69A4B8CC1FE3516200371C58 /* AppDelegate.swift in Sources */ = {isa = PBXBuildFile; fileRef = 69A4B8CB1FE3516200371C58 /* AppDelegate.swift */; };
		69A4B8CE1FE3516200371C58 /* ViewController.swift in Sources */ = {isa = PBXBuildFile; fileRef = 69A4B8CD1FE3516200371C58 /* ViewController.swift */; };
		69A4B8D01FE3516200371C58 /* Assets.xcassets in Resources */ = {isa = PBXBuildFile; fileRef = 69A4B8CF1FE3516200371C58 /* Assets.xcassets */; };
		69A4B8D31FE3516200371C58 /* Main.storyboard in Resources */ = {isa = PBXBuildFile; fileRef = 69A4B8D11FE3516200371C58 /* Main.storyboard */; };
		69A4B8DC1FE351B300371C58 /* LoginWindowController.swift in Sources */ = {isa = PBXBuildFile; fileRef = 69A4B8DB1FE351B300371C58 /* LoginWindowController.swift */; };
		69A4B8E01FE35AC100371C58 /* LoginImageButton.swift in Sources */ = {isa = PBXBuildFile; fileRef = 69A4B8DF1FE35AC100371C58 /* LoginImageButton.swift */; };
		69A4B9011FE3B82900371C58 /* UserItem.swift in Sources */ = {isa = PBXBuildFile; fileRef = 69A4B8FF1FE3B82900371C58 /* UserItem.swift */; };
		69A4B9021FE3B82900371C58 /* UserItem.xib in Resources */ = {isa = PBXBuildFile; fileRef = 69A4B9001FE3B82900371C58 /* UserItem.xib */; };
		69B12DF81FE8A11C00B32474 /* LoginAccountTextField.swift in Sources */ = {isa = PBXBuildFile; fileRef = 69B12DF71FE8A11C00B32474 /* LoginAccountTextField.swift */; };
		69B12DFA1FE8A32500B32474 /* LoginPasswordSecureField.swift in Sources */ = {isa = PBXBuildFile; fileRef = 69B12DF91FE8A32500B32474 /* LoginPasswordSecureField.swift */; };
		69B12DFC1FE8E0B500B32474 /* CustomView.swift in Sources */ = {isa = PBXBuildFile; fileRef = 69B12DFB1FE8E0B500B32474 /* CustomView.swift */; };
		69B3882D1FF09DCB00806AA5 /* LoginScrollView.swift in Sources */ = {isa = PBXBuildFile; fileRef = 69B3882C1FF09DCB00806AA5 /* LoginScrollView.swift */; };
		69B3882F1FF0EEB200806AA5 /* MainWindowController.swift in Sources */ = {isa = PBXBuildFile; fileRef = 69B3882E1FF0EEB200806AA5 /* MainWindowController.swift */; };
		69C164971FF1F53C00697F35 /* SBSplitView.swift in Sources */ = {isa = PBXBuildFile; fileRef = 69C164961FF1F53C00697F35 /* SBSplitView.swift */; };
/* End PBXBuildFile section */

/* Begin PBXFileReference section */
		04492D651FEFD68800F7F304 /* UserItemModel.swift */ = {isa = PBXFileReference; lastKnownFileType = sourcecode.swift; path = UserItemModel.swift; sourceTree = "<group>"; };
		69A04AA21FF1D85600F889CD /* ToolBarView.swift */ = {isa = PBXFileReference; lastKnownFileType = sourcecode.swift; path = ToolBarView.swift; sourceTree = "<group>"; };
		69A04AA61FF1E25500F889CD /* MainViewController.swift */ = {isa = PBXFileReference; lastKnownFileType = sourcecode.swift; path = MainViewController.swift; sourceTree = "<group>"; };
		69A4B8C81FE3516200371C58 /* collectionViewZoomOutAndInProfessional.app */ = {isa = PBXFileReference; explicitFileType = wrapper.application; includeInIndex = 0; path = collectionViewZoomOutAndInProfessional.app; sourceTree = BUILT_PRODUCTS_DIR; };
		69A4B8CB1FE3516200371C58 /* AppDelegate.swift */ = {isa = PBXFileReference; lastKnownFileType = sourcecode.swift; path = AppDelegate.swift; sourceTree = "<group>"; };
		69A4B8CD1FE3516200371C58 /* ViewController.swift */ = {isa = PBXFileReference; lastKnownFileType = sourcecode.swift; path = ViewController.swift; sourceTree = "<group>"; };
		69A4B8CF1FE3516200371C58 /* Assets.xcassets */ = {isa = PBXFileReference; lastKnownFileType = folder.assetcatalog; path = Assets.xcassets; sourceTree = "<group>"; };
		69A4B8D21FE3516200371C58 /* Base */ = {isa = PBXFileReference; lastKnownFileType = file.storyboard; name = Base; path = Base.lproj/Main.storyboard; sourceTree = "<group>"; };
		69A4B8D41FE3516200371C58 /* Info.plist */ = {isa = PBXFileReference; lastKnownFileType = text.plist.xml; path = Info.plist; sourceTree = "<group>"; };
		69A4B8D51FE3516200371C58 /* MacQQ.entitlements */ = {isa = PBXFileReference; lastKnownFileType = text.plist.entitlements; path = MacQQ.entitlements; sourceTree = "<group>"; };
		69A4B8DB1FE351B300371C58 /* LoginWindowController.swift */ = {isa = PBXFileReference; lastKnownFileType = sourcecode.swift; path = LoginWindowController.swift; sourceTree = "<group>"; };
		69A4B8DF1FE35AC100371C58 /* LoginImageButton.swift */ = {isa = PBXFileReference; lastKnownFileType = sourcecode.swift; path = LoginImageButton.swift; sourceTree = "<group>"; };
		69A4B8FF1FE3B82900371C58 /* UserItem.swift */ = {isa = PBXFileReference; lastKnownFileType = sourcecode.swift; path = UserItem.swift; sourceTree = "<group>"; };
		69A4B9001FE3B82900371C58 /* UserItem.xib */ = {isa = PBXFileReference; lastKnownFileType = file.xib; path = UserItem.xib; sourceTree = "<group>"; };
		69B12DF71FE8A11C00B32474 /* LoginAccountTextField.swift */ = {isa = PBXFileReference; lastKnownFileType = sourcecode.swift; path = LoginAccountTextField.swift; sourceTree = "<group>"; };
		69B12DF91FE8A32500B32474 /* LoginPasswordSecureField.swift */ = {isa = PBXFileReference; lastKnownFileType = sourcecode.swift; path = LoginPasswordSecureField.swift; sourceTree = "<group>"; };
		69B12DFB1FE8E0B500B32474 /* CustomView.swift */ = {isa = PBXFileReference; lastKnownFileType = sourcecode.swift; path = CustomView.swift; sourceTree = "<group>"; };
		69B3882C1FF09DCB00806AA5 /* LoginScrollView.swift */ = {isa = PBXFileReference; lastKnownFileType = sourcecode.swift; path = LoginScrollView.swift; sourceTree = "<group>"; };
		69B3882E1FF0EEB200806AA5 /* MainWindowController.swift */ = {isa = PBXFileReference; lastKnownFileType = sourcecode.swift; path = MainWindowController.swift; sourceTree = "<group>"; };
		69C164961FF1F53C00697F35 /* SBSplitView.swift */ = {isa = PBXFileReference; lastKnownFileType = sourcecode.swift; path = SBSplitView.swift; sourceTree = "<group>"; };
/* End PBXFileReference section */

/* Begin PBXFrameworksBuildPhase section */
		69A4B8C51FE3516200371C58 /* Frameworks */ = {
			isa = PBXFrameworksBuildPhase;
			buildActionMask = 2147483647;
			files = (
			);
			runOnlyForDeploymentPostprocessing = 0;
		};
/* End PBXFrameworksBuildPhase section */

/* Begin PBXGroup section */
		69A04AA01FF1D82F00F889CD /* Login */ = {
			isa = PBXGroup;
			children = (
				69A4B8CD1FE3516200371C58 /* ViewController.swift */,
				69B3882C1FF09DCB00806AA5 /* LoginScrollView.swift */,
				69B12DF71FE8A11C00B32474 /* LoginAccountTextField.swift */,
				69B12DF91FE8A32500B32474 /* LoginPasswordSecureField.swift */,
				69A4B8DB1FE351B300371C58 /* LoginWindowController.swift */,
				69A4B8DF1FE35AC100371C58 /* LoginImageButton.swift */,
				69B12DFB1FE8E0B500B32474 /* CustomView.swift */,
				04492D651FEFD68800F7F304 /* UserItemModel.swift */,
				69A4B8FF1FE3B82900371C58 /* UserItem.swift */,
				69A4B9001FE3B82900371C58 /* UserItem.xib */,
			);
			path = Login;
			sourceTree = "<group>";
		};
		69A04AA11FF1D83D00F889CD /* MainUI */ = {
			isa = PBXGroup;
			children = (
				69B3882E1FF0EEB200806AA5 /* MainWindowController.swift */,
				69A04AA21FF1D85600F889CD /* ToolBarView.swift */,
				69A04AA61FF1E25500F889CD /* MainViewController.swift */,
				69C164961FF1F53C00697F35 /* SBSplitView.swift */,
			);
			path = MainUI;
			sourceTree = "<group>";
		};
		69A4B8BF1FE3516200371C58 = {
			isa = PBXGroup;
			children = (
				69A4B8CA1FE3516200371C58 /* MacQQ */,
				69A4B8C91FE3516200371C58 /* Products */,
			);
			sourceTree = "<group>";
		};
		69A4B8C91FE3516200371C58 /* Products */ = {
			isa = PBXGroup;
			children = (
				69A4B8C81FE3516200371C58 /* collectionViewZoomOutAndInProfessional.app */,
			);
			name = Products;
			sourceTree = "<group>";
		};
		69A4B8CA1FE3516200371C58 /* MacQQ */ = {
			isa = PBXGroup;
			children = (
				69A4B8CB1FE3516200371C58 /* AppDelegate.swift */,
				69A04AA01FF1D82F00F889CD /* Login */,
				69A04AA11FF1D83D00F889CD /* MainUI */,
				69A4B8CF1FE3516200371C58 /* Assets.xcassets */,
				69A4B8D11FE3516200371C58 /* Main.storyboard */,
				69A4B8D41FE3516200371C58 /* Info.plist */,
				69A4B8D51FE3516200371C58 /* MacQQ.entitlements */,
			);
			path = MacQQ;
			sourceTree = "<group>";
		};
/* End PBXGroup section */

/* Begin PBXNativeTarget section */
		69A4B8C71FE3516200371C58 /* collectionViewZoomOutAndInProfessional */ = {
			isa = PBXNativeTarget;
			buildConfigurationList = 69A4B8D81FE3516200371C58 /* Build configuration list for PBXNativeTarget "collectionViewZoomOutAndInProfessional" */;
			buildPhases = (
				69A4B8C41FE3516200371C58 /* Sources */,
				69A4B8C51FE3516200371C58 /* Frameworks */,
				69A4B8C61FE3516200371C58 /* Resources */,
			);
			buildRules = (
			);
			dependencies = (
			);
			name = collectionViewZoomOutAndInProfessional;
			productName = MacQQ;
			productReference = 69A4B8C81FE3516200371C58 /* collectionViewZoomOutAndInProfessional.app */;
			productType = "com.apple.product-type.application";
		};
/* End PBXNativeTarget section */

/* Begin PBXProject section */
		69A4B8C01FE3516200371C58 /* Project object */ = {
			isa = PBXProject;
			attributes = {
				LastSwiftUpdateCheck = 0920;
				LastUpgradeCheck = 0920;
				ORGANIZATIONNAME = sycf_ios;
				TargetAttributes = {
					69A4B8C71FE3516200371C58 = {
						CreatedOnToolsVersion = 9.2;
						ProvisioningStyle = Automatic;
					};
				};
			};
			buildConfigurationList = 69A4B8C31FE3516200371C58 /* Build configuration list for PBXProject "collectionViewZoomOutAndInProfessional" */;
			compatibilityVersion = "Xcode 8.0";
			developmentRegion = en;
			hasScannedForEncodings = 0;
			knownRegions = (
				en,
				Base,
			);
			mainGroup = 69A4B8BF1FE3516200371C58;
			productRefGroup = 69A4B8C91FE3516200371C58 /* Products */;
			projectDirPath = "";
			projectRoot = "";
			targets = (
				69A4B8C71FE3516200371C58 /* collectionViewZoomOutAndInProfessional */,
			);
		};
/* End PBXProject section */

/* Begin PBXResourcesBuildPhase section */
		69A4B8C61FE3516200371C58 /* Resources */ = {
			isa = PBXResourcesBuildPhase;
			buildActionMask = 2147483647;
			files = (
				69A4B9021FE3B82900371C58 /* UserItem.xib in Resources */,
				69A4B8D01FE3516200371C58 /* Assets.xcassets in Resources */,
				69A4B8D31FE3516200371C58 /* Main.storyboard in Resources */,
			);
			runOnlyForDeploymentPostprocessing = 0;
		};
/* End PBXResourcesBuildPhase section */

/* Begin PBXSourcesBuildPhase section */
		69A4B8C41FE3516200371C58 /* Sources */ = {
			isa = PBXSourcesBuildPhase;
			buildActionMask = 2147483647;
			files = (
				69C164971FF1F53C00697F35 /* SBSplitView.swift in Sources */,
				69A4B9011FE3B82900371C58 /* UserItem.swift in Sources */,
				69A04AA71FF1E25500F889CD /* MainViewController.swift in Sources */,
				69B12DFC1FE8E0B500B32474 /* CustomView.swift in Sources */,
				69B12DFA1FE8A32500B32474 /* LoginPasswordSecureField.swift in Sources */,
				69B12DF81FE8A11C00B32474 /* LoginAccountTextField.swift in Sources */,
				69A4B8CE1FE3516200371C58 /* ViewController.swift in Sources */,
				69B3882D1FF09DCB00806AA5 /* LoginScrollView.swift in Sources */,
				69A04AA31FF1D85600F889CD /* ToolBarView.swift in Sources */,
				69A4B8E01FE35AC100371C58 /* LoginImageButton.swift in Sources */,
				04492D661FEFD68800F7F304 /* UserItemModel.swift in Sources */,
				69B3882F1FF0EEB200806AA5 /* MainWindowController.swift in Sources */,
				69A4B8DC1FE351B300371C58 /* LoginWindowController.swift in Sources */,
				69A4B8CC1FE3516200371C58 /* AppDelegate.swift in Sources */,
			);
			runOnlyForDeploymentPostprocessing = 0;
		};
/* End PBXSourcesBuildPhase section */

/* Begin PBXVariantGroup section */
		69A4B8D11FE3516200371C58 /* Main.storyboard */ = {
			isa = PBXVariantGroup;
			children = (
				69A4B8D21FE3516200371C58 /* Base */,
			);
			name = Main.storyboard;
			sourceTree = "<group>";
		};
/* End PBXVariantGroup section */

/* Begin XCBuildConfiguration section */
		69A4B8D61FE3516200371C58 /* Debug */ = {
			isa = XCBuildConfiguration;
			buildSettings = {
				ALWAYS_SEARCH_USER_PATHS = NO;
				CLANG_ANALYZER_NONNULL = YES;
				CLANG_ANALYZER_NUMBER_OBJECT_CONVERSION = YES_AGGRESSIVE;
				CLANG_CXX_LANGUAGE_STANDARD = "gnu++14";
				CLANG_CXX_LIBRARY = "libc++";
				CLANG_ENABLE_MODULES = YES;
				CLANG_ENABLE_OBJC_ARC = YES;
				CLANG_WARN_BLOCK_CAPTURE_AUTORELEASING = YES;
				CLANG_WARN_BOOL_CONVERSION = YES;
				CLANG_WARN_COMMA = YES;
				CLANG_WARN_CONSTANT_CONVERSION = YES;
				CLANG_WARN_DIRECT_OBJC_ISA_USAGE = YES_ERROR;
				CLANG_WARN_DOCUMENTATION_COMMENTS = YES;
				CLANG_WARN_EMPTY_BODY = YES;
				CLANG_WARN_ENUM_CONVERSION = YES;
				CLANG_WARN_INFINITE_RECURSION = YES;
				CLANG_WARN_INT_CONVERSION = YES;
				CLANG_WARN_NON_LITERAL_NULL_CONVERSION = YES;
				CLANG_WARN_OBJC_LITERAL_CONVERSION = YES;
				CLANG_WARN_OBJC_ROOT_CLASS = YES_ERROR;
				CLANG_WARN_RANGE_LOOP_ANALYSIS = YES;
				CLANG_WARN_STRICT_PROTOTYPES = YES;
				CLANG_WARN_SUSPICIOUS_MOVE = YES;
				CLANG_WARN_UNGUARDED_AVAILABILITY = YES_AGGRESSIVE;
				CLANG_WARN_UNREACHABLE_CODE = YES;
				CLANG_WARN__DUPLICATE_METHOD_MATCH = YES;
				CODE_SIGN_IDENTITY = "Mac Developer";
				COPY_PHASE_STRIP = NO;
				DEBUG_INFORMATION_FORMAT = dwarf;
				ENABLE_STRICT_OBJC_MSGSEND = YES;
				ENABLE_TESTABILITY = YES;
				GCC_C_LANGUAGE_STANDARD = gnu11;
				GCC_DYNAMIC_NO_PIC = NO;
				GCC_NO_COMMON_BLOCKS = YES;
				GCC_OPTIMIZATION_LEVEL = 0;
				GCC_PREPROCESSOR_DEFINITIONS = (
					"DEBUG=1",
					"$(inherited)",
				);
				GCC_WARN_64_TO_32_BIT_CONVERSION = YES;
				GCC_WARN_ABOUT_RETURN_TYPE = YES_ERROR;
				GCC_WARN_UNDECLARED_SELECTOR = YES;
				GCC_WARN_UNINITIALIZED_AUTOS = YES_AGGRESSIVE;
				GCC_WARN_UNUSED_FUNCTION = YES;
				GCC_WARN_UNUSED_VARIABLE = YES;
				MACOSX_DEPLOYMENT_TARGET = 10.13;
				MTL_ENABLE_DEBUG_INFO = YES;
				ONLY_ACTIVE_ARCH = YES;
				SDKROOT = macosx;
				SWIFT_ACTIVE_COMPILATION_CONDITIONS = DEBUG;
				SWIFT_OPTIMIZATION_LEVEL = "-Onone";
			};
			name = Debug;
		};
		69A4B8D71FE3516200371C58 /* Release */ = {
			isa = XCBuildConfiguration;
			buildSettings = {
				ALWAYS_SEARCH_USER_PATHS = NO;
				CLANG_ANALYZER_NONNULL = YES;
				CLANG_ANALYZER_NUMBER_OBJECT_CONVERSION = YES_AGGRESSIVE;
				CLANG_CXX_LANGUAGE_STANDARD = "gnu++14";
				CLANG_CXX_LIBRARY = "libc++";
				CLANG_ENABLE_MODULES = YES;
				CLANG_ENABLE_OBJC_ARC = YES;
				CLANG_WARN_BLOCK_CAPTURE_AUTORELEASING = YES;
				CLANG_WARN_BOOL_CONVERSION = YES;
				CLANG_WARN_COMMA = YES;
				CLANG_WARN_CONSTANT_CONVERSION = YES;
				CLANG_WARN_DIRECT_OBJC_ISA_USAGE = YES_ERROR;
				CLANG_WARN_DOCUMENTATION_COMMENTS = YES;
				CLANG_WARN_EMPTY_BODY = YES;
				CLANG_WARN_ENUM_CONVERSION = YES;
				CLANG_WARN_INFINITE_RECURSION = YES;
				CLANG_WARN_INT_CONVERSION = YES;
				CLANG_WARN_NON_LITERAL_NULL_CONVERSION = YES;
				CLANG_WARN_OBJC_LITERAL_CONVERSION = YES;
				CLANG_WARN_OBJC_ROOT_CLASS = YES_ERROR;
				CLANG_WARN_RANGE_LOOP_ANALYSIS = YES;
				CLANG_WARN_STRICT_PROTOTYPES = YES;
				CLANG_WARN_SUSPICIOUS_MOVE = YES;
				CLANG_WARN_UNGUARDED_AVAILABILITY = YES_AGGRESSIVE;
				CLANG_WARN_UNREACHABLE_CODE = YES;
				CLANG_WARN__DUPLICATE_METHOD_MATCH = YES;
				CODE_SIGN_IDENTITY = "Mac Developer";
				COPY_PHASE_STRIP = NO;
				DEBUG_INFORMATION_FORMAT = "dwarf-with-dsym";
				ENABLE_NS_ASSERTIONS = NO;
				ENABLE_STRICT_OBJC_MSGSEND = YES;
				GCC_C_LANGUAGE_STANDARD = gnu11;
				GCC_NO_COMMON_BLOCKS = YES;
				GCC_WARN_64_TO_32_BIT_CONVERSION = YES;
				GCC_WARN_ABOUT_RETURN_TYPE = YES_ERROR;
				GCC_WARN_UNDECLARED_SELECTOR = YES;
				GCC_WARN_UNINITIALIZED_AUTOS = YES_AGGRESSIVE;
				GCC_WARN_UNUSED_FUNCTION = YES;
				GCC_WARN_UNUSED_VARIABLE = YES;
				MACOSX_DEPLOYMENT_TARGET = 10.13;
				MTL_ENABLE_DEBUG_INFO = NO;
				SDKROOT = macosx;
				SWIFT_OPTIMIZATION_LEVEL = "-Owholemodule";
			};
			name = Release;
		};
		69A4B8D91FE3516200371C58 /* Debug */ = {
			isa = XCBuildConfiguration;
			buildSettings = {
				ASSETCATALOG_COMPILER_APPICON_NAME = AppIcon;
				CODE_SIGN_ENTITLEMENTS = MacQQ/MacQQ.entitlements;
				CODE_SIGN_STYLE = Automatic;
				COMBINE_HIDPI_IMAGES = YES;
				DEVELOPMENT_TEAM = W547SRU75H;
				INFOPLIST_FILE = MacQQ/Info.plist;
				LD_RUNPATH_SEARCH_PATHS = "$(inherited) @executable_path/../Frameworks";
				PRODUCT_BUNDLE_IDENTIFIER = com.sb.MacQQ;
				PRODUCT_NAME = "$(TARGET_NAME)";
				SWIFT_VERSION = 4.0;
			};
			name = Debug;
		};
		69A4B8DA1FE3516200371C58 /* Release */ = {
			isa = XCBuildConfiguration;
			buildSettings = {
				ASSETCATALOG_COMPILER_APPICON_NAME = AppIcon;
				CODE_SIGN_ENTITLEMENTS = MacQQ/MacQQ.entitlements;
				CODE_SIGN_STYLE = Automatic;
				COMBINE_HIDPI_IMAGES = YES;
				DEVELOPMENT_TEAM = W547SRU75H;
				INFOPLIST_FILE = MacQQ/Info.plist;
				LD_RUNPATH_SEARCH_PATHS = "$(inherited) @executable_path/../Frameworks";
				PRODUCT_BUNDLE_IDENTIFIER = com.sb.MacQQ;
				PRODUCT_NAME = "$(TARGET_NAME)";
				SWIFT_VERSION = 4.0;
			};
			name = Release;
		};
/* End XCBuildConfiguration section */

/* Begin XCConfigurationList section */
		69A4B8C31FE3516200371C58 /* Build configuration list for PBXProject "collectionViewZoomOutAndInProfessional" */ = {
			isa = XCConfigurationList;
			buildConfigurations = (
				69A4B8D61FE3516200371C58 /* Debug */,
				69A4B8D71FE3516200371C58 /* Release */,
			);
			defaultConfigurationIsVisible = 0;
			defaultConfigurationName = Release;
		};
		69A4B8D81FE3516200371C58 /* Build configuration list for PBXNativeTarget "collectionViewZoomOutAndInProfessional" */ = {
			isa = XCConfigurationList;
			buildConfigurations = (
				69A4B8D91FE3516200371C58 /* Debug */,
				69A4B8DA1FE3516200371C58 /* Release */,
			);
			defaultConfigurationIsVisible = 0;
			defaultConfigurationName = Release;
		};
/* End XCConfigurationList section */
	};
	rootObject = 69A4B8C01FE3516200371C58 /* Project object */;
}
